
Microsoft Visual Studio Solution File, Format Version 12.00
# Visual Studio Version 17
VisualStudioVersion = 17.9.34714.143
MinimumVisualStudioVersion = 10.0.40219.1
Project("{FAE04EC0-301F-11D3-BF4B-00C04F79EFBC}") = "MiddlewareExample", "MiddlewareExample\MiddlewareExample.csproj", "{C41B649B-E0EC-4661-B31F-0F21624FC444}"
EndProject
Global
	GlobalSection(SolutionConfigurationPlatforms) = preSolution
		Debug|Any CPU = Debug|Any CPU
		Release|Any CPU = Release|Any CPU
	EndGlobalSection
	GlobalSection(ProjectConfigurationPlatforms) = postSolution
		{C41B649B-E0EC-4661-B31F-0F21624FC444}.Debug|Any CPU.ActiveCfg = Debug|Any CPU
		{C41B649B-E0EC-4661-B31F-0F21624FC444}.Debug|Any CPU.Build.0 = Debug|Any CPU
		{C41B649B-E0EC-4661-B31F-0F21624FC444}.Release|Any CPU.ActiveCfg = Release|Any CPU
		{C41B649B-E0EC-4661-B31F-0F21624FC444}.Release|Any CPU.Build.0 = Release|Any CPU
	EndGlobalSection
	GlobalSection(SolutionProperties) = preSolution
		HideSolutionNode = FALSE
	EndGlobalSection
	GlobalSection(ExtensibilityGlobals) = postSolution
		SolutionGuid = {F24DB7FE-65E6-4089-BFDA-21272293BB07}
	EndGlobalSection
EndGlobal
